
Microsoft Visual Studio Solution File, Format Version 12.00
# Visual Studio 14
VisualStudioVersion = 14.0.25123.0
MinimumVisualStudioVersion = 10.0.40219.1
Project("{2150E333-8FDC-42A3-9474-1A3956D46DE8}") = "src", "src", "{A8FB9041-CAAD-4EBB-B61D-CF6B3F2C2079}"
EndProject
Project("{2150E333-8FDC-42A3-9474-1A3956D46DE8}") = "Solution Items", "Solution Items", "{FEE57ACE-8A5D-49B1-8B6A-52266F7F4AE7}"
	ProjectSection(SolutionItems) = preProject
		global.json = global.json
	EndProjectSection
EndProject
Project("{8BB2217D-0F2D-49D1-97BC-3654ED321F3B}") = "Library", "src\Library\Library.xproj", "{DE57B1D8-B2B6-40F0-B939-942DC147B4CC}"
EndProject
Project("{2150E333-8FDC-42A3-9474-1A3956D46DE8}") = "test", "test", "{829F88FC-A26C-470E-AD84-5DE7169BFAB0}"
EndProject
Project("{8BB2217D-0F2D-49D1-97BC-3654ED321F3B}") = "TestLibrary", "test\TestLibrary\TestLibrary.xproj", "{ABEA9F8C-D789-4542-9B07-376C39C2BA9D}"
EndProject
Project("{8BB2217D-0F2D-49D1-97BC-3654ED321F3B}") = "App", "src\App\App.xproj", "{50876A94-BD5C-4307-A91C-2644014F4B63}"
EndProject
Project("{FAE04EC0-301F-11D3-BF4B-00C04F79EFBC}") = "FxApp", "src\FxApp\FxApp.csproj", "{A21F2F4D-2619-409B-8913-E3459888C9FF}"
EndProject
Global
	GlobalSection(SolutionConfigurationPlatforms) = preSolution
		Debug|Any CPU = Debug|Any CPU
		Release|Any CPU = Release|Any CPU
	EndGlobalSection
	GlobalSection(ProjectConfigurationPlatforms) = postSolution
		{DE57B1D8-B2B6-40F0-B939-942DC147B4CC}.Debug|Any CPU.ActiveCfg = Debug|Any CPU
		{DE57B1D8-B2B6-40F0-B939-942DC147B4CC}.Debug|Any CPU.Build.0 = Debug|Any CPU
		{DE57B1D8-B2B6-40F0-B939-942DC147B4CC}.Release|Any CPU.ActiveCfg = Release|Any CPU
		{DE57B1D8-B2B6-40F0-B939-942DC147B4CC}.Release|Any CPU.Build.0 = Release|Any CPU
		{ABEA9F8C-D789-4542-9B07-376C39C2BA9D}.Debug|Any CPU.ActiveCfg = Debug|Any CPU
		{ABEA9F8C-D789-4542-9B07-376C39C2BA9D}.Debug|Any CPU.Build.0 = Debug|Any CPU
		{ABEA9F8C-D789-4542-9B07-376C39C2BA9D}.Release|Any CPU.ActiveCfg = Release|Any CPU
		{ABEA9F8C-D789-4542-9B07-376C39C2BA9D}.Release|Any CPU.Build.0 = Release|Any CPU
		{50876A94-BD5C-4307-A91C-2644014F4B63}.Debug|Any CPU.ActiveCfg = Debug|Any CPU
		{50876A94-BD5C-4307-A91C-2644014F4B63}.Debug|Any CPU.Build.0 = Debug|Any CPU
		{50876A94-BD5C-4307-A91C-2644014F4B63}.Release|Any CPU.ActiveCfg = Release|Any CPU
		{50876A94-BD5C-4307-A91C-2644014F4B63}.Release|Any CPU.Build.0 = Release|Any CPU
		{A21F2F4D-2619-409B-8913-E3459888C9FF}.Debug|Any CPU.ActiveCfg = Debug|Any CPU
		{A21F2F4D-2619-409B-8913-E3459888C9FF}.Debug|Any CPU.Build.0 = Debug|Any CPU
		{A21F2F4D-2619-409B-8913-E3459888C9FF}.Release|Any CPU.ActiveCfg = Release|Any CPU
		{A21F2F4D-2619-409B-8913-E3459888C9FF}.Release|Any CPU.Build.0 = Release|Any CPU
	EndGlobalSection
	GlobalSection(SolutionProperties) = preSolution
		HideSolutionNode = FALSE
	EndGlobalSection
	GlobalSection(NestedProjects) = preSolution
		{DE57B1D8-B2B6-40F0-B939-942DC147B4CC} = {A8FB9041-CAAD-4EBB-B61D-CF6B3F2C2079}
		{ABEA9F8C-D789-4542-9B07-376C39C2BA9D} = {829F88FC-A26C-470E-AD84-5DE7169BFAB0}
		{50876A94-BD5C-4307-A91C-2644014F4B63} = {A8FB9041-CAAD-4EBB-B61D-CF6B3F2C2079}
		{A21F2F4D-2619-409B-8913-E3459888C9FF} = {A8FB9041-CAAD-4EBB-B61D-CF6B3F2C2079}
	EndGlobalSection
EndGlobal
